
Microsoft Visual Studio Solution File, Format Version 12.00
# Visual Studio Version 17
VisualStudioVersion = 17.9.34728.123
MinimumVisualStudioVersion = 10.0.40219.1
Project("{FAE04EC0-301F-11D3-BF4B-00C04F79EFBC}") = "Assignment3", "Assignment3\Assignment3.csproj", "{6B81F758-BCCF-4127-9EAB-81B7398564A6}"
EndProject
Project("{FAE04EC0-301F-11D3-BF4B-00C04F79EFBC}") = "HRMS", "HRMS\HRMS.csproj", "{DB24A28C-BD5D-4920-A215-26A9D1C08AF7}"
EndProject
Global
	GlobalSection(SolutionConfigurationPlatforms) = preSolution
		Debug|Any CPU = Debug|Any CPU
		Release|Any CPU = Release|Any CPU
	EndGlobalSection
	GlobalSection(ProjectConfigurationPlatforms) = postSolution
		{6B81F758-BCCF-4127-9EAB-81B7398564A6}.Debug|Any CPU.ActiveCfg = Debug|Any CPU
		{6B81F758-BCCF-4127-9EAB-81B7398564A6}.Debug|Any CPU.Build.0 = Debug|Any CPU
		{6B81F758-BCCF-4127-9EAB-81B7398564A6}.Release|Any CPU.ActiveCfg = Release|Any CPU
		{6B81F758-BCCF-4127-9EAB-81B7398564A6}.Release|Any CPU.Build.0 = Release|Any CPU
		{DB24A28C-BD5D-4920-A215-26A9D1C08AF7}.Debug|Any CPU.ActiveCfg = Debug|Any CPU
		{DB24A28C-BD5D-4920-A215-26A9D1C08AF7}.Debug|Any CPU.Build.0 = Debug|Any CPU
		{DB24A28C-BD5D-4920-A215-26A9D1C08AF7}.Release|Any CPU.ActiveCfg = Release|Any CPU
		{DB24A28C-BD5D-4920-A215-26A9D1C08AF7}.Release|Any CPU.Build.0 = Release|Any CPU
	EndGlobalSection
	GlobalSection(SolutionProperties) = preSolution
		HideSolutionNode = FALSE
	EndGlobalSection
	GlobalSection(ExtensibilityGlobals) = postSolution
		SolutionGuid = {EBC6221F-C173-4A45-AECB-E57C907A4F7C}
	EndGlobalSection
EndGlobal
